
Microsoft Visual Studio Solution File, Format Version 12.00
# Visual Studio Version 16
VisualStudioVersion = 16.0.30907.101
MinimumVisualStudioVersion = 10.0.40219.1
Project("{9A19103F-16F7-4668-BE54-9A1E7A4F7556}") = "Elite.Repositories", "Elite.Repositories\Elite.Repositories.csproj", "{90D0A58B-EE14-49BC-AAC2-5A958153C995}"
EndProject
Project("{9A19103F-16F7-4668-BE54-9A1E7A4F7556}") = "Elite.Repositories.EntityFramework", "Elite.Repositories.EntityFramework\Elite.Repositories.EntityFramework.csproj", "{66A9165B-1522-4B4F-97DB-EF9C14C48540}"
EndProject
Project("{9A19103F-16F7-4668-BE54-9A1E7A4F7556}") = "Elite.Repositories.Abstractions", "Elite.Repositories.Abstractions\Elite.Repositories.Abstractions.csproj", "{277B96D4-1331-45C4-9FE2-6069D05313B3}"
EndProject
Project("{9A19103F-16F7-4668-BE54-9A1E7A4F7556}") = "TestWorker", "TestWorker\TestWorker.csproj", "{E7827560-E181-4BC0-B3FC-C54FB77BA5C0}"
EndProject
Global
	GlobalSection(SolutionConfigurationPlatforms) = preSolution
		Debug|Any CPU = Debug|Any CPU
		Release|Any CPU = Release|Any CPU
	EndGlobalSection
	GlobalSection(ProjectConfigurationPlatforms) = postSolution
		{90D0A58B-EE14-49BC-AAC2-5A958153C995}.Debug|Any CPU.ActiveCfg = Debug|Any CPU
		{90D0A58B-EE14-49BC-AAC2-5A958153C995}.Debug|Any CPU.Build.0 = Debug|Any CPU
		{90D0A58B-EE14-49BC-AAC2-5A958153C995}.Release|Any CPU.ActiveCfg = Release|Any CPU
		{90D0A58B-EE14-49BC-AAC2-5A958153C995}.Release|Any CPU.Build.0 = Release|Any CPU
		{66A9165B-1522-4B4F-97DB-EF9C14C48540}.Debug|Any CPU.ActiveCfg = Debug|Any CPU
		{66A9165B-1522-4B4F-97DB-EF9C14C48540}.Debug|Any CPU.Build.0 = Debug|Any CPU
		{66A9165B-1522-4B4F-97DB-EF9C14C48540}.Release|Any CPU.ActiveCfg = Release|Any CPU
		{66A9165B-1522-4B4F-97DB-EF9C14C48540}.Release|Any CPU.Build.0 = Release|Any CPU
		{277B96D4-1331-45C4-9FE2-6069D05313B3}.Debug|Any CPU.ActiveCfg = Debug|Any CPU
		{277B96D4-1331-45C4-9FE2-6069D05313B3}.Debug|Any CPU.Build.0 = Debug|Any CPU
		{277B96D4-1331-45C4-9FE2-6069D05313B3}.Release|Any CPU.ActiveCfg = Release|Any CPU
		{277B96D4-1331-45C4-9FE2-6069D05313B3}.Release|Any CPU.Build.0 = Release|Any CPU
		{E7827560-E181-4BC0-B3FC-C54FB77BA5C0}.Debug|Any CPU.ActiveCfg = Debug|Any CPU
		{E7827560-E181-4BC0-B3FC-C54FB77BA5C0}.Debug|Any CPU.Build.0 = Debug|Any CPU
		{E7827560-E181-4BC0-B3FC-C54FB77BA5C0}.Release|Any CPU.ActiveCfg = Release|Any CPU
		{E7827560-E181-4BC0-B3FC-C54FB77BA5C0}.Release|Any CPU.Build.0 = Release|Any CPU
	EndGlobalSection
	GlobalSection(SolutionProperties) = preSolution
		HideSolutionNode = FALSE
	EndGlobalSection
	GlobalSection(ExtensibilityGlobals) = postSolution
		SolutionGuid = {F3AAE059-1746-4120-8A7E-FFF491EDCE16}
	EndGlobalSection
EndGlobal
